<?xml version="1.0" encoding="utf-8"?>
<Project ToolsVersion="4.0" xmlns="http://schemas.microsoft.com/developer/msbuild/2003">
  <ItemGroup>
    <Filter Include="src">
      <UniqueIdentifier>{8427f447-6ef7-4306-98d8-5a8697ecf24e}</UniqueIdentifier>
    </Filter>
    <Filter Include="header">
      <UniqueIdentifier>{9ffea10f-543d-4d09-a586-d23d0f9b0918}</UniqueIdentifier>
    </Filter>
    <Filter Include="header\Matrix">
      <UniqueIdentifier>{4f4ff8c8-50a3-4595-ab4b-1c6dbf60765f}</UniqueIdentifier>
    </Filter>
    <Filter Include="src\Matrix">
      <UniqueIdentifier>{23c3b1bf-0452-4227-b040-ef70213ff761}</UniqueIdentifier>
    </Filter>
  </ItemGroup>
  <ItemGroup>
    <ClCompile Include="main.cpp" />
    <ClCompile Include="Camera.cpp">
      <Filter>src\Matrix</Filter>
    </ClCompile>
  </ItemGroup>
  <ItemGroup>
    <ClInclude Include="Camera.h">
      <Filter>header\Matrix</Filter>
    </ClInclude>
    <ClInclude Include="resource.h" />
    <ClInclude Include="OpenGLTest.cuh">
      <Filter>header</Filter>
    </ClInclude>
    <ClInclude Include="Matrix\MatrixN.h">
      <Filter>header\Matrix</Filter>
    </ClInclude>
    <ClInclude Include="GeneralTypedef.h">
      <Filter>header</Filter>
    </ClInclude>
    <ClInclude Include="cutil_inline_runtime.h">
      <Filter>header</Filter>
    </ClInclude>
    <ClInclude Include="cutil.h">
      <Filter>header</Filter>
    </ClInclude>
  </ItemGroup>
  <ItemGroup>
    <CudaCompile Include="OpenGLTest.cu">
      <Filter>src</Filter>
    </CudaCompile>
    <CudaCompile Include="Matrix\MatrixN.cu">
      <Filter>src\Matrix</Filter>
    </CudaCompile>
  </ItemGroup>
  <ItemGroup>
    <ResourceCompile Include="RayTracerLA.rc" />
  </ItemGroup>
</Project>